// !$*UTF8*$!
{
	archiveVersion = 1;
	classes = {
	};
	objectVersion = 77;
	objects = {

/* Begin PBXBuildFile section */
		C18829BC2FB5DC0B003E88FA /* ByteReader.cpp in Sources */ = {isa = PBXBuildFile; fileRef = C18829AC2FB5DC0B003E88FA /* ByteReader.cpp */; };
		C18829BD2FB5DC0B003E88FA /* ByteWriter.cpp in Sources */ = {isa = PBXBuildFile; fileRef = C18829AE2FB5DC0B003E88FA /* ByteWriter.cpp */; };
		C18829BE2FB5DC0B003E88FA /* FileComparer.cpp in Sources */ = {isa = PBXBuildFile; fileRef = C18829B02FB5DC0B003E88FA /* FileComparer.cpp */; };
		C18829BF2FB5DC0B003E88FA /* PatternMapWriter.cpp in Sources */ = {isa = PBXBuildFile; fileRef = C18829B22FB5DC0B003E88FA /* PatternMapWriter.cpp */; };
		C18829C02FB5DC0B003E88FA /* RegexSequenceFinder.cpp in Sources */ = {isa = PBXBuildFile; fileRef = C18829B42FB5DC0B003E88FA /* RegexSequenceFinder.cpp */; };
		C18829C12FB5DC0B003E88FA /* RLECompressor.cpp in Sources */ = {isa = PBXBuildFile; fileRef = C18829B62FB5DC0B003E88FA /* RLECompressor.cpp */; };
		C18829C22FB5DC0B003E88FA /* RLEDecompressor.cpp in Sources */ = {isa = PBXBuildFile; fileRef = C18829B82FB5DC0B003E88FA /* RLEDecompressor.cpp */; };
		C18829C32FB5DC0B003E88FA /* main.cpp in Sources */ = {isa = PBXBuildFile; fileRef = C18829BA2FB5DC0B003E88FA /* main.cpp */; };
		C18829CF2FB5E300003E88FA /* BFGCompressor.cpp in Sources */ = {isa = PBXBuildFile; fileRef = C18829CE2FB5E300003E88FA /* BFGCompressor.cpp */; };
		C18829D32FB5E600003E88FA /* BFGDecompressor.cpp in Sources */ = {isa = PBXBuildFile; fileRef = C18829D12FB5E600003E88FA /* BFGDecompressor.cpp */; };
/* End PBXBuildFile section */

/* Begin PBXCopyFilesBuildPhase section */
		C18829892FB5CF6F003E88FA /* CopyFiles */ = {
			isa = PBXCopyFilesBuildPhase;
			buildActionMask = 2147483647;
			dstPath = /usr/share/man/man1/;
			dstSubfolderSpec = 0;
			files = (
			);
			runOnlyForDeploymentPostprocessing = 1;
		};
/* End PBXCopyFilesBuildPhase section */

/* Begin PBXFileReference section */
		C188298B2FB5CF6F003E88FA /* ByteForge */ = {isa = PBXFileReference; explicitFileType = "compiled.mach-o.executable"; includeInIndex = 0; path = ByteForge; sourceTree = BUILT_PRODUCTS_DIR; };
		C18829AB2FB5DC0B003E88FA /* ByteReader.hpp */ = {isa = PBXFileReference; lastKnownFileType = sourcecode.cpp.h; path = ByteReader.hpp; sourceTree = "<group>"; };
		C18829AC2FB5DC0B003E88FA /* ByteReader.cpp */ = {isa = PBXFileReference; lastKnownFileType = sourcecode.cpp.cpp; path = ByteReader.cpp; sourceTree = "<group>"; };
		C18829AD2FB5DC0B003E88FA /* ByteWriter.hpp */ = {isa = PBXFileReference; lastKnownFileType = sourcecode.cpp.h; path = ByteWriter.hpp; sourceTree = "<group>"; };
		C18829AE2FB5DC0B003E88FA /* ByteWriter.cpp */ = {isa = PBXFileReference; lastKnownFileType = sourcecode.cpp.cpp; path = ByteWriter.cpp; sourceTree = "<group>"; };
		C18829AF2FB5DC0B003E88FA /* FileComparer.hpp */ = {isa = PBXFileReference; lastKnownFileType = sourcecode.cpp.h; path = FileComparer.hpp; sourceTree = "<group>"; };
		C18829B02FB5DC0B003E88FA /* FileComparer.cpp */ = {isa = PBXFileReference; lastKnownFileType = sourcecode.cpp.cpp; path = FileComparer.cpp; sourceTree = "<group>"; };
		C18829B12FB5DC0B003E88FA /* PatternMapWriter.hpp */ = {isa = PBXFileReference; lastKnownFileType = sourcecode.cpp.h; path = PatternMapWriter.hpp; sourceTree = "<group>"; };
		C18829B22FB5DC0B003E88FA /* PatternMapWriter.cpp */ = {isa = PBXFileReference; lastKnownFileType = sourcecode.cpp.cpp; path = PatternMapWriter.cpp; sourceTree = "<group>"; };
		C18829B32FB5DC0B003E88FA /* RegexSequenceFinder.hpp */ = {isa = PBXFileReference; lastKnownFileType = sourcecode.cpp.h; path = RegexSequenceFinder.hpp; sourceTree = "<group>"; };
		C18829B42FB5DC0B003E88FA /* RegexSequenceFinder.cpp */ = {isa = PBXFileReference; lastKnownFileType = sourcecode.cpp.cpp; path = RegexSequenceFinder.cpp; sourceTree = "<group>"; };
		C18829B52FB5DC0B003E88FA /* RLECompressor.hpp */ = {isa = PBXFileReference; lastKnownFileType = sourcecode.cpp.h; path = RLECompressor.hpp; sourceTree = "<group>"; };
		C18829B62FB5DC0B003E88FA /* RLECompressor.cpp */ = {isa = PBXFileReference; lastKnownFileType = sourcecode.cpp.cpp; path = RLECompressor.cpp; sourceTree = "<group>"; };
		C18829B72FB5DC0B003E88FA /* RLEDecompressor.hpp */ = {isa = PBXFileReference; lastKnownFileType = sourcecode.cpp.h; path = RLEDecompressor.hpp; sourceTree = "<group>"; };
		C18829B82FB5DC0B003E88FA /* RLEDecompressor.cpp */ = {isa = PBXFileReference; lastKnownFileType = sourcecode.cpp.cpp; path = RLEDecompressor.cpp; sourceTree = "<group>"; };
		C18829BA2FB5DC0B003E88FA /* main.cpp */ = {isa = PBXFileReference; lastKnownFileType = sourcecode.cpp.cpp; path = main.cpp; sourceTree = "<group>"; };
		C18829CC2FB5DECF003E88FA /* patterns.bfgmap */ = {isa = PBXFileReference; lastKnownFileType = text; path = patterns.bfgmap; sourceTree = "<group>"; };
		C18829CE2FB5E1C2003E88FA /* sample.bfg */ = {isa = PBXFileReference; lastKnownFileType = file; path = sample.bfg; sourceTree = "<group>"; };
		C18829CE2FB5E300003E88FA /* BFGCompressor.cpp */ = {isa = PBXFileReference; lastKnownFileType = sourcecode.cpp.cpp; path = BFGCompressor.cpp; sourceTree = "<group>"; };
		C18829CF2FB5E3B0003E88FA /* rebuilt.gguf */ = {isa = PBXFileReference; lastKnownFileType = file; path = rebuilt.gguf; sourceTree = "<group>"; };
		C18829D02FB5E300003E88FA /* BFGCompressor.hpp */ = {isa = PBXFileReference; lastKnownFileType = sourcecode.cpp.h; path = BFGCompressor.hpp; sourceTree = "<group>"; };
		C18829D12FB5E600003E88FA /* BFGDecompressor.cpp */ = {isa = PBXFileReference; lastKnownFileType = sourcecode.cpp.cpp; path = BFGDecompressor.cpp; sourceTree = "<group>"; };
		C18829D22FB5E600003E88FA /* BFGDecompressor.hpp */ = {isa = PBXFileReference; lastKnownFileType = sourcecode.cpp.h; path = BFGDecompressor.hpp; sourceTree = "<group>"; };
/* End PBXFileReference section */

/* Begin PBXFrameworksBuildPhase section */
		C18829882FB5CF6F003E88FA /* Frameworks */ = {
			isa = PBXFrameworksBuildPhase;
			buildActionMask = 2147483647;
			files = (
			);
			runOnlyForDeploymentPostprocessing = 0;
		};
/* End PBXFrameworksBuildPhase section */

/* Begin PBXGroup section */
		C18829822FB5CF6F003E88FA = {
			isa = PBXGroup;
			children = (
				C18829BB2FB5DC0B003E88FA /* ByteForge */,
				C188298C2FB5CF6F003E88FA /* Products */,
			);
			sourceTree = "<group>";
		};
		C188298C2FB5CF6F003E88FA /* Products */ = {
			isa = PBXGroup;
			children = (
				C188298B2FB5CF6F003E88FA /* ByteForge */,
			);
			name = Products;
			sourceTree = "<group>";
		};
		C18829B92FB5DC0B003E88FA /* Compression */ = {
			isa = PBXGroup;
			children = (
				C18829D02FB5E300003E88FA /* BFGCompressor.hpp */,
				C18829CE2FB5E300003E88FA /* BFGCompressor.cpp */,
				C18829D22FB5E600003E88FA /* BFGDecompressor.hpp */,
				C18829D12FB5E600003E88FA /* BFGDecompressor.cpp */,
				C18829B52FB5DC0B003E88FA /* RLECompressor.hpp */,
				C18829B62FB5DC0B003E88FA /* RLECompressor.cpp */,
				C18829B72FB5DC0B003E88FA /* RLEDecompressor.hpp */,
				C18829B82FB5DC0B003E88FA /* RLEDecompressor.cpp */,
			);
			path = Compression;
			sourceTree = "<group>";
		};
		C18829BB2FB5DC0B003E88FA /* ByteForge */ = {
			isa = PBXGroup;
			children = (
				C18829CD2FB5DECF003E88FA /* Generated */,
				C18829C42FB5DC10003E88FA /* Core */,
				C18829C52FB5DC12003E88FA /* Analysis */,
				C18829C62FB5DC12003E88FA /* Validation */,
				C18829B92FB5DC0B003E88FA /* Compression */,
				C18829BA2FB5DC0B003E88FA /* main.cpp */,
			);
			path = ByteForge;
			sourceTree = "<group>";
		};
		C18829C42FB5DC10003E88FA /* Core */ = {
			isa = PBXGroup;
			children = (
				C18829AB2FB5DC0B003E88FA /* ByteReader.hpp */,
				C18829AC2FB5DC0B003E88FA /* ByteReader.cpp */,
				C18829AD2FB5DC0B003E88FA /* ByteWriter.hpp */,
				C18829AE2FB5DC0B003E88FA /* ByteWriter.cpp */,
			);
			path = Core;
			sourceTree = "<group>";
		};
		C18829C52FB5DC12003E88FA /* Analysis */ = {
			isa = PBXGroup;
			children = (
				C18829B32FB5DC0B003E88FA /* RegexSequenceFinder.hpp */,
				C18829B42FB5DC0B003E88FA /* RegexSequenceFinder.cpp */,
				C18829B12FB5DC0B003E88FA /* PatternMapWriter.hpp */,
				C18829B22FB5DC0B003E88FA /* PatternMapWriter.cpp */,
			);
			path = Analysis;
			sourceTree = "<group>";
		};
		C18829C62FB5DC12003E88FA /* Validation */ = {
			isa = PBXGroup;
			children = (
				C18829AF2FB5DC0B003E88FA /* FileComparer.hpp */,
				C18829B02FB5DC0B003E88FA /* FileComparer.cpp */,
			);
			path = Validation;
			sourceTree = "<group>";
		};
		C18829CD2FB5DECF003E88FA /* Generated */ = {
			isa = PBXGroup;
			children = (
				C18829CF2FB5E3B0003E88FA /* rebuilt.gguf */,
				C18829CE2FB5E1C2003E88FA /* sample.bfg */,
				C18829CC2FB5DECF003E88FA /* patterns.bfgmap */,
			);
			path = Generated;
			sourceTree = "<group>";
		};
/* End PBXGroup section */

/* Begin PBXNativeTarget section */
		C188298A2FB5CF6F003E88FA /* ByteForge */ = {
			isa = PBXNativeTarget;
			buildConfigurationList = C18829922FB5CF6F003E88FA /* Build configuration list for PBXNativeTarget "ByteForge" */;
			buildPhases = (
				C18829872FB5CF6F003E88FA /* Sources */,
				C18829882FB5CF6F003E88FA /* Frameworks */,
				C18829892FB5CF6F003E88FA /* CopyFiles */,
			);
			buildRules = (
			);
			dependencies = (
			);
			name = ByteForge;
			packageProductDependencies = (
			);
			productName = ByteForge;
			productReference = C188298B2FB5CF6F003E88FA /* ByteForge */;
			productType = "com.apple.product-type.tool";
		};
/* End PBXNativeTarget section */

/* Begin PBXProject section */
		C18829832FB5CF6F003E88FA /* Project object */ = {
			isa = PBXProject;
			attributes = {
				BuildIndependentTargetsInParallel = 1;
				LastUpgradeCheck = 2620;
				TargetAttributes = {
					C188298A2FB5CF6F003E88FA = {
						CreatedOnToolsVersion = 26.2;
					};
				};
			};
			buildConfigurationList = C18829862FB5CF6F003E88FA /* Build configuration list for PBXProject "ByteForge" */;
			developmentRegion = en;
			hasScannedForEncodings = 0;
			knownRegions = (
				en,
				Base,
			);
			mainGroup = C18829822FB5CF6F003E88FA;
			minimizedProjectReferenceProxies = 1;
			preferredProjectObjectVersion = 77;
			productRefGroup = C188298C2FB5CF6F003E88FA /* Products */;
			projectDirPath = "";
			projectRoot = "";
			targets = (
				C188298A2FB5CF6F003E88FA /* ByteForge */,
			);
		};
/* End PBXProject section */

/* Begin PBXSourcesBuildPhase section */
		C18829872FB5CF6F003E88FA /* Sources */ = {
			isa = PBXSourcesBuildPhase;
			buildActionMask = 2147483647;
			files = (
				C18829BC2FB5DC0B003E88FA /* ByteReader.cpp in Sources */,
				C18829BD2FB5DC0B003E88FA /* ByteWriter.cpp in Sources */,
				C18829BE2FB5DC0B003E88FA /* FileComparer.cpp in Sources */,
				C18829BF2FB5DC0B003E88FA /* PatternMapWriter.cpp in Sources */,
				C18829C02FB5DC0B003E88FA /* RegexSequenceFinder.cpp in Sources */,
				C18829C12FB5DC0B003E88FA /* RLECompressor.cpp in Sources */,
				C18829C22FB5DC0B003E88FA /* RLEDecompressor.cpp in Sources */,
				C18829CF2FB5E300003E88FA /* BFGCompressor.cpp in Sources */,
				C18829D32FB5E600003E88FA /* BFGDecompressor.cpp in Sources */,
				C18829C32FB5DC0B003E88FA /* main.cpp in Sources */,
			);
			runOnlyForDeploymentPostprocessing = 0;
		};
/* End PBXSourcesBuildPhase section */

/* Begin XCBuildConfiguration section */
		C18829902FB5CF6F003E88FA /* Debug */ = {
			isa = XCBuildConfiguration;
			buildSettings = {
				ALWAYS_SEARCH_USER_PATHS = NO;
				ASSETCATALOG_COMPILER_GENERATE_SWIFT_ASSET_SYMBOL_EXTENSIONS = YES;
				CLANG_ANALYZER_NONNULL = YES;
				CLANG_ANALYZER_NUMBER_OBJECT_CONVERSION = YES_AGGRESSIVE;
				CLANG_CXX_LANGUAGE_STANDARD = "gnu++20";
				CLANG_ENABLE_MODULES = YES;
				CLANG_ENABLE_OBJC_ARC = YES;
				CLANG_ENABLE_OBJC_WEAK = YES;
				CLANG_WARN_BLOCK_CAPTURE_AUTORELEASING = YES;
				CLANG_WARN_BOOL_CONVERSION = YES;
				CLANG_WARN_COMMA = YES;
				CLANG_WARN_CONSTANT_CONVERSION = YES;
				CLANG_WARN_DEPRECATED_OBJC_IMPLEMENTATIONS = YES;
				CLANG_WARN_DIRECT_OBJC_ISA_USAGE = YES_ERROR;
				CLANG_WARN_DOCUMENTATION_COMMENTS = YES;
				CLANG_WARN_EMPTY_BODY = YES;
				CLANG_WARN_ENUM_CONVERSION = YES;
				CLANG_WARN_INFINITE_RECURSION = YES;
				CLANG_WARN_INT_CONVERSION = YES;
				CLANG_WARN_NON_LITERAL_NULL_CONVERSION = YES;
				CLANG_WARN_OBJC_IMPLICIT_RETAIN_SELF = YES;
				CLANG_WARN_OBJC_LITERAL_CONVERSION = YES;
				CLANG_WARN_OBJC_ROOT_CLASS = YES_ERROR;
				CLANG_WARN_QUOTED_INCLUDE_IN_FRAMEWORK_HEADER = YES;
				CLANG_WARN_RANGE_LOOP_ANALYSIS = YES;
				CLANG_WARN_STRICT_PROTOTYPES = YES;
				CLANG_WARN_SUSPICIOUS_MOVE = YES;
				CLANG_WARN_UNGUARDED_AVAILABILITY = YES_AGGRESSIVE;
				CLANG_WARN_UNREACHABLE_CODE = YES;
				CLANG_WARN__DUPLICATE_METHOD_MATCH = YES;
				COPY_PHASE_STRIP = NO;
				DEBUG_INFORMATION_FORMAT = dwarf;
				DEVELOPMENT_TEAM = 232C7N3DDY;
				ENABLE_STRICT_OBJC_MSGSEND = YES;
				ENABLE_TESTABILITY = YES;
				ENABLE_USER_SCRIPT_SANDBOXING = YES;
				GCC_C_LANGUAGE_STANDARD = gnu17;
				GCC_DYNAMIC_NO_PIC = NO;
				GCC_NO_COMMON_BLOCKS = YES;
				GCC_OPTIMIZATION_LEVEL = 0;
				GCC_PREPROCESSOR_DEFINITIONS = (
					"DEBUG=1",
					"$(inherited)",
				);
				GCC_WARN_64_TO_32_BIT_CONVERSION = YES;
				GCC_WARN_ABOUT_RETURN_TYPE = YES_ERROR;
				GCC_WARN_UNDECLARED_SELECTOR = YES;
				GCC_WARN_UNINITIALIZED_AUTOS = YES_AGGRESSIVE;
				GCC_WARN_UNUSED_FUNCTION = YES;
				GCC_WARN_UNUSED_VARIABLE = YES;
				LOCALIZATION_PREFERS_STRING_CATALOGS = YES;
				MACOSX_DEPLOYMENT_TARGET = 15.7;
				MTL_ENABLE_DEBUG_INFO = INCLUDE_SOURCE;
				MTL_FAST_MATH = YES;
				ONLY_ACTIVE_ARCH = YES;
				SDKROOT = macosx;
			};
			name = Debug;
		};
		C18829912FB5CF6F003E88FA /* Release */ = {
			isa = XCBuildConfiguration;
			buildSettings = {
				ALWAYS_SEARCH_USER_PATHS = NO;
				ASSETCATALOG_COMPILER_GENERATE_SWIFT_ASSET_SYMBOL_EXTENSIONS = YES;
				CLANG_ANALYZER_NONNULL = YES;
				CLANG_ANALYZER_NUMBER_OBJECT_CONVERSION = YES_AGGRESSIVE;
				CLANG_CXX_LANGUAGE_STANDARD = "gnu++20";
				CLANG_ENABLE_MODULES = YES;
				CLANG_ENABLE_OBJC_ARC = YES;
				CLANG_ENABLE_OBJC_WEAK = YES;
				CLANG_WARN_BLOCK_CAPTURE_AUTORELEASING = YES;
				CLANG_WARN_BOOL_CONVERSION = YES;
				CLANG_WARN_COMMA = YES;
				CLANG_WARN_CONSTANT_CONVERSION = YES;
				CLANG_WARN_DEPRECATED_OBJC_IMPLEMENTATIONS = YES;
				CLANG_WARN_DIRECT_OBJC_ISA_USAGE = YES_ERROR;
				CLANG_WARN_DOCUMENTATION_COMMENTS = YES;
				CLANG_WARN_EMPTY_BODY = YES;
				CLANG_WARN_ENUM_CONVERSION = YES;
				CLANG_WARN_INFINITE_RECURSION = YES;
				CLANG_WARN_INT_CONVERSION = YES;
				CLANG_WARN_NON_LITERAL_NULL_CONVERSION = YES;
				CLANG_WARN_OBJC_IMPLICIT_RETAIN_SELF = YES;
				CLANG_WARN_OBJC_LITERAL_CONVERSION = YES;
				CLANG_WARN_OBJC_ROOT_CLASS = YES_ERROR;
				CLANG_WARN_QUOTED_INCLUDE_IN_FRAMEWORK_HEADER = YES;
				CLANG_WARN_RANGE_LOOP_ANALYSIS = YES;
				CLANG_WARN_STRICT_PROTOTYPES = YES;
				CLANG_WARN_SUSPICIOUS_MOVE = YES;
				CLANG_WARN_UNGUARDED_AVAILABILITY = YES_AGGRESSIVE;
				CLANG_WARN_UNREACHABLE_CODE = YES;
				CLANG_WARN__DUPLICATE_METHOD_MATCH = YES;
				COPY_PHASE_STRIP = NO;
				DEBUG_INFORMATION_FORMAT = "dwarf-with-dsym";
				DEVELOPMENT_TEAM = 232C7N3DDY;
				ENABLE_NS_ASSERTIONS = NO;
				ENABLE_STRICT_OBJC_MSGSEND = YES;
				ENABLE_USER_SCRIPT_SANDBOXING = YES;
				GCC_C_LANGUAGE_STANDARD = gnu17;
				GCC_NO_COMMON_BLOCKS = YES;
				GCC_WARN_64_TO_32_BIT_CONVERSION = YES;
				GCC_WARN_ABOUT_RETURN_TYPE = YES_ERROR;
				GCC_WARN_UNDECLARED_SELECTOR = YES;
				GCC_WARN_UNINITIALIZED_AUTOS = YES_AGGRESSIVE;
				GCC_WARN_UNUSED_FUNCTION = YES;
				GCC_WARN_UNUSED_VARIABLE = YES;
				LOCALIZATION_PREFERS_STRING_CATALOGS = YES;
				MACOSX_DEPLOYMENT_TARGET = 15.7;
				MTL_ENABLE_DEBUG_INFO = NO;
				MTL_FAST_MATH = YES;
				SDKROOT = macosx;
			};
			name = Release;
		};
		C18829932FB5CF6F003E88FA /* Debug */ = {
			isa = XCBuildConfiguration;
			buildSettings = {
				CODE_SIGN_STYLE = Automatic;
				DEVELOPMENT_TEAM = 232C7N3DDY;
				ENABLE_HARDENED_RUNTIME = YES;
				PRODUCT_NAME = "$(TARGET_NAME)";
			};
			name = Debug;
		};
		C18829942FB5CF6F003E88FA /* Release */ = {
			isa = XCBuildConfiguration;
			buildSettings = {
				CODE_SIGN_STYLE = Automatic;
				DEVELOPMENT_TEAM = 232C7N3DDY;
				ENABLE_HARDENED_RUNTIME = YES;
				PRODUCT_NAME = "$(TARGET_NAME)";
			};
			name = Release;
		};
/* End XCBuildConfiguration section */

/* Begin XCConfigurationList section */
		C18829862FB5CF6F003E88FA /* Build configuration list for PBXProject "ByteForge" */ = {
			isa = XCConfigurationList;
			buildConfigurations = (
				C18829902FB5CF6F003E88FA /* Debug */,
				C18829912FB5CF6F003E88FA /* Release */,
			);
			defaultConfigurationIsVisible = 0;
			defaultConfigurationName = Release;
		};
		C18829922FB5CF6F003E88FA /* Build configuration list for PBXNativeTarget "ByteForge" */ = {
			isa = XCConfigurationList;
			buildConfigurations = (
				C18829932FB5CF6F003E88FA /* Debug */,
				C18829942FB5CF6F003E88FA /* Release */,
			);
			defaultConfigurationIsVisible = 0;
			defaultConfigurationName = Release;
		};
/* End XCConfigurationList section */
	};
	rootObject = C18829832FB5CF6F003E88FA /* Project object */;
}
